
Microsoft Visual Studio Solution File, Format Version 12.00
# Visual Studio Version 17
VisualStudioVersion = 17.10.34916.146
MinimumVisualStudioVersion = 10.0.40219.1
Project("{9A19103F-16F7-4668-BE54-9A1E7A4F7556}") = "UcenjeCS", "UcenjeCS\UcenjeCS.csproj", "{3A3D4FFB-45C9-408B-8017-BC658B59E296}"
EndProject
Project("{FAE04EC0-301F-11D3-BF4B-00C04F79EFBC}") = "WebAPI", "WebAPI\WebAPI.csproj", "{B33D4E40-05BE-41C0-8CB6-C780F00E456C}"
EndProject
Global
	GlobalSection(SolutionConfigurationPlatforms) = preSolution
		Debug|Any CPU = Debug|Any CPU
		Release|Any CPU = Release|Any CPU
	EndGlobalSection
	GlobalSection(ProjectConfigurationPlatforms) = postSolution
		{3A3D4FFB-45C9-408B-8017-BC658B59E296}.Debug|Any CPU.ActiveCfg = Debug|Any CPU
		{3A3D4FFB-45C9-408B-8017-BC658B59E296}.Debug|Any CPU.Build.0 = Debug|Any CPU
		{3A3D4FFB-45C9-408B-8017-BC658B59E296}.Release|Any CPU.ActiveCfg = Release|Any CPU
		{3A3D4FFB-45C9-408B-8017-BC658B59E296}.Release|Any CPU.Build.0 = Release|Any CPU
		{B33D4E40-05BE-41C0-8CB6-C780F00E456C}.Debug|Any CPU.ActiveCfg = Debug|Any CPU
		{B33D4E40-05BE-41C0-8CB6-C780F00E456C}.Debug|Any CPU.Build.0 = Debug|Any CPU
		{B33D4E40-05BE-41C0-8CB6-C780F00E456C}.Release|Any CPU.ActiveCfg = Release|Any CPU
		{B33D4E40-05BE-41C0-8CB6-C780F00E456C}.Release|Any CPU.Build.0 = Release|Any CPU
	EndGlobalSection
	GlobalSection(SolutionProperties) = preSolution
		HideSolutionNode = FALSE
	EndGlobalSection
	GlobalSection(ExtensibilityGlobals) = postSolution
		SolutionGuid = {AD421FE9-C312-4246-873F-8C9801FAC6A0}
	EndGlobalSection
EndGlobal
